
Microsoft Visual Studio Solution File, Format Version 12.00
# Visual Studio Version 17
VisualStudioVersion = 17.10.35013.160
MinimumVisualStudioVersion = 10.0.40219.1
Project("{FAE04EC0-301F-11D3-BF4B-00C04F79EFBC}") = "1", "1\1.csproj", "{549E00C2-DA9B-4FBA-B88E-3DFC12BD3398}"
EndProject
Global
	GlobalSection(SolutionConfigurationPlatforms) = preSolution
		Debug|Any CPU = Debug|Any CPU
		Release|Any CPU = Release|Any CPU
	EndGlobalSection
	GlobalSection(ProjectConfigurationPlatforms) = postSolution
		{549E00C2-DA9B-4FBA-B88E-3DFC12BD3398}.Debug|Any CPU.ActiveCfg = Debug|Any CPU
		{549E00C2-DA9B-4FBA-B88E-3DFC12BD3398}.Debug|Any CPU.Build.0 = Debug|Any CPU
		{549E00C2-DA9B-4FBA-B88E-3DFC12BD3398}.Release|Any CPU.ActiveCfg = Release|Any CPU
		{549E00C2-DA9B-4FBA-B88E-3DFC12BD3398}.Release|Any CPU.Build.0 = Release|Any CPU
	EndGlobalSection
	GlobalSection(SolutionProperties) = preSolution
		HideSolutionNode = FALSE
	EndGlobalSection
	GlobalSection(ExtensibilityGlobals) = postSolution
		SolutionGuid = {A88A1C49-2BC9-4971-B7D2-9DA432C0AF48}
	EndGlobalSection
EndGlobal
